
Microsoft Visual Studio Solution File, Format Version 12.00
Project("{FAE04EC0-301F-11D3-BF4B-00C04F79EFBC}") = "Presentation", "Presentation\Presentation.csproj", "{ED527AB2-F8CD-4C9B-AB45-CE3C0756D850}"
EndProject
Global
	GlobalSection(SolutionConfigurationPlatforms) = preSolution
		Debug|Any CPU = Debug|Any CPU
		Release|Any CPU = Release|Any CPU
	EndGlobalSection
	GlobalSection(ProjectConfigurationPlatforms) = postSolution
		{ED527AB2-F8CD-4C9B-AB45-CE3C0756D850}.Debug|Any CPU.ActiveCfg = Debug|Any CPU
		{ED527AB2-F8CD-4C9B-AB45-CE3C0756D850}.Debug|Any CPU.Build.0 = Debug|Any CPU
		{ED527AB2-F8CD-4C9B-AB45-CE3C0756D850}.Release|Any CPU.ActiveCfg = Release|Any CPU
		{ED527AB2-F8CD-4C9B-AB45-CE3C0756D850}.Release|Any CPU.Build.0 = Release|Any CPU
	EndGlobalSection
EndGlobal
